
Microsoft Visual Studio Solution File, Format Version 12.00
# Visual Studio Version 17
VisualStudioVersion = 17.9.34728.123
MinimumVisualStudioVersion = 10.0.40219.1
Project("{FAE04EC0-301F-11D3-BF4B-00C04F79EFBC}") = "winform-app", "Presentacion\winform-app.csproj", "{07A017E6-4B5E-49FB-84F8-A05E80020AF3}"
EndProject
Project("{FAE04EC0-301F-11D3-BF4B-00C04F79EFBC}") = "dominio", "dominio\dominio.csproj", "{B318BD41-D90F-4BB8-93A5-2FA143796F3A}"
EndProject
Project("{FAE04EC0-301F-11D3-BF4B-00C04F79EFBC}") = "negocio", "negocio\negocio.csproj", "{B0D7A80B-6F3F-4F73-8B17-8E6F421F8927}"
EndProject
Global
	GlobalSection(SolutionConfigurationPlatforms) = preSolution
		Debug|Any CPU = Debug|Any CPU
		Release|Any CPU = Release|Any CPU
	EndGlobalSection
	GlobalSection(ProjectConfigurationPlatforms) = postSolution
		{07A017E6-4B5E-49FB-84F8-A05E80020AF3}.Debug|Any CPU.ActiveCfg = Debug|Any CPU
		{07A017E6-4B5E-49FB-84F8-A05E80020AF3}.Debug|Any CPU.Build.0 = Debug|Any CPU
		{07A017E6-4B5E-49FB-84F8-A05E80020AF3}.Release|Any CPU.ActiveCfg = Release|Any CPU
		{07A017E6-4B5E-49FB-84F8-A05E80020AF3}.Release|Any CPU.Build.0 = Release|Any CPU
		{B318BD41-D90F-4BB8-93A5-2FA143796F3A}.Debug|Any CPU.ActiveCfg = Debug|Any CPU
		{B318BD41-D90F-4BB8-93A5-2FA143796F3A}.Debug|Any CPU.Build.0 = Debug|Any CPU
		{B318BD41-D90F-4BB8-93A5-2FA143796F3A}.Release|Any CPU.ActiveCfg = Release|Any CPU
		{B318BD41-D90F-4BB8-93A5-2FA143796F3A}.Release|Any CPU.Build.0 = Release|Any CPU
		{B0D7A80B-6F3F-4F73-8B17-8E6F421F8927}.Debug|Any CPU.ActiveCfg = Debug|Any CPU
		{B0D7A80B-6F3F-4F73-8B17-8E6F421F8927}.Debug|Any CPU.Build.0 = Debug|Any CPU
		{B0D7A80B-6F3F-4F73-8B17-8E6F421F8927}.Release|Any CPU.ActiveCfg = Release|Any CPU
		{B0D7A80B-6F3F-4F73-8B17-8E6F421F8927}.Release|Any CPU.Build.0 = Release|Any CPU
	EndGlobalSection
	GlobalSection(SolutionProperties) = preSolution
		HideSolutionNode = FALSE
	EndGlobalSection
	GlobalSection(ExtensibilityGlobals) = postSolution
		SolutionGuid = {D5594EAF-5621-4686-8E05-2E5180FFB227}
	EndGlobalSection
EndGlobal
